
Microsoft Visual Studio Solution File, Format Version 12.00
# Visual Studio Version 17
VisualStudioVersion = 17.11.35222.181
MinimumVisualStudioVersion = 10.0.40219.1
Project("{FAE04EC0-301F-11D3-BF4B-00C04F79EFBC}") = "tugas pr", "tugas pr\tugas pr.csproj", "{3BE7B8BF-C2DD-42E4-8D83-80BF2E8B8173}"
EndProject
Global
	GlobalSection(SolutionConfigurationPlatforms) = preSolution
		Debug|Any CPU = Debug|Any CPU
		Release|Any CPU = Release|Any CPU
	EndGlobalSection
	GlobalSection(ProjectConfigurationPlatforms) = postSolution
		{3BE7B8BF-C2DD-42E4-8D83-80BF2E8B8173}.Debug|Any CPU.ActiveCfg = Debug|Any CPU
		{3BE7B8BF-C2DD-42E4-8D83-80BF2E8B8173}.Debug|Any CPU.Build.0 = Debug|Any CPU
		{3BE7B8BF-C2DD-42E4-8D83-80BF2E8B8173}.Release|Any CPU.ActiveCfg = Release|Any CPU
		{3BE7B8BF-C2DD-42E4-8D83-80BF2E8B8173}.Release|Any CPU.Build.0 = Release|Any CPU
	EndGlobalSection
	GlobalSection(SolutionProperties) = preSolution
		HideSolutionNode = FALSE
	EndGlobalSection
	GlobalSection(ExtensibilityGlobals) = postSolution
		SolutionGuid = {A0D58DC5-5131-4ED5-9280-F9BD202DB48D}
	EndGlobalSection
EndGlobal
